
Microsoft Visual Studio Solution File, Format Version 12.00
# Visual Studio Version 17
VisualStudioVersion = 17.14.36301.6 d17.14
MinimumVisualStudioVersion = 10.0.40219.1
Project("{FAE04EC0-301F-11D3-BF4B-00C04F79EFBC}") = "WebApplication1", "WebApplication1\WebApplication1.csproj", "{80EE3A2C-289F-4F19-8A10-FD5C2028ADF8}"
EndProject
Global
	GlobalSection(SolutionConfigurationPlatforms) = preSolution
		Debug|Any CPU = Debug|Any CPU
		Release|Any CPU = Release|Any CPU
	EndGlobalSection
	GlobalSection(ProjectConfigurationPlatforms) = postSolution
		{80EE3A2C-289F-4F19-8A10-FD5C2028ADF8}.Debug|Any CPU.ActiveCfg = Debug|Any CPU
		{80EE3A2C-289F-4F19-8A10-FD5C2028ADF8}.Debug|Any CPU.Build.0 = Debug|Any CPU
		{80EE3A2C-289F-4F19-8A10-FD5C2028ADF8}.Release|Any CPU.ActiveCfg = Release|Any CPU
		{80EE3A2C-289F-4F19-8A10-FD5C2028ADF8}.Release|Any CPU.Build.0 = Release|Any CPU
	EndGlobalSection
	GlobalSection(SolutionProperties) = preSolution
		HideSolutionNode = FALSE
	EndGlobalSection
	GlobalSection(ExtensibilityGlobals) = postSolution
		SolutionGuid = {A35B3A6F-D45C-4D0A-9A1C-33EA1742582F}
	EndGlobalSection
EndGlobal
